# @generated - this file is auto-generated by `mise lock` https://mise.jdx.dev/dev-tools/mise-lock.html

[[tools.python]]
version = "3.12.11"
backend = "core:python"

[tools.python."platforms.linux-arm64"]
checksum = "sha256:05d9207e41c36fbc2d80a51d9bd5d574ed3eb1c620ead49e7fcd57cc2b64edfd"
url = "https://github.com/astral-sh/python-build-standalone/releases/download/20251007/cpython-3.12.11+20251007-aarch64-unknown-linux-gnu-install_only_stripped.tar.gz"
provenance = "github-attestations"

[tools.python."platforms.linux-arm64-musl"]
checksum = "sha256:e16d5e4fbeab4f7dad89ac426a522f0e8fbb93b90567c900139554591843e955"
url = "https://github.com/astral-sh/python-build-standalone/releases/download/20251007/cpython-3.12.11+20251007-aarch64-unknown-linux-musl-install_only_stripped.tar.gz"
provenance = "github-attestations"

[tools.python."platforms.linux-x64"]
checksum = "sha256:f98121eb1fb2b05a25c1f3d2fe7cf08c3a2468c350785df3d84c2516e7280d3f"
url = "https://github.com/astral-sh/python-build-standalone/releases/download/20251007/cpython-3.12.11+20251007-x86_64-unknown-linux-gnu-install_only_stripped.tar.gz"
provenance = "github-attestations"

[tools.python."platforms.linux-x64-musl"]
checksum = "sha256:223bc21ec684c87f52a3dc770f1fafde81eb8dba2f60176df4ee7d229b9225cd"
url = "https://github.com/astral-sh/python-build-standalone/releases/download/20251007/cpython-3.12.11+20251007-x86_64-unknown-linux-musl-install_only_stripped.tar.gz"
provenance = "github-attestations"

[tools.python."platforms.macos-arm64"]
checksum = "sha256:407fa242942a7ba5d91899abc562fc9897f7a0376f8d2060285e8c0560323f19"
url = "https://github.com/astral-sh/python-build-standalone/releases/download/20251007/cpython-3.12.11+20251007-aarch64-apple-darwin-install_only_stripped.tar.gz"
provenance = "github-attestations"

[tools.python."platforms.macos-x64"]
checksum = "sha256:e0578395f02bb6ac61a0df0f9e280f0317bbb46d8bed66232b3aa9a1477256f8"
url = "https://github.com/astral-sh/python-build-standalone/releases/download/20251007/cpython-3.12.11+20251007-x86_64-apple-darwin-install_only_stripped.tar.gz"
provenance = "github-attestations"

[tools.python."platforms.windows-x64"]
checksum = "sha256:d2877f74b01871c82d140a9eefe57b18185c7a84128727cbedcae45dc5c9e54f"
url = "https://github.com/astral-sh/python-build-standalone/releases/download/20251007/cpython-3.12.11+20251007-x86_64-pc-windows-msvc-install_only_stripped.tar.gz"
provenance = "github-attestations"
