# @generated - this file is auto-generated by `mise lock` https://mise.en.dev/dev-tools/mise-lock.html

[[tools.python]]
version = "3.12.13"
backend = "core:python"

[tools.python."platforms.linux-arm64"]
checksum = "sha256:11e713ae1f969385907a76533cc554f6b2e3f1a84896009f91c3fc871034a170"
url = "https://github.com/astral-sh/python-build-standalone/releases/download/20260807/cpython-3.12.13+20260807-aarch64-unknown-linux-gnu-install_only_stripped.tar.gz"
provenance = "github-attestations"

[tools.python."platforms.linux-arm64-musl"]
checksum = "sha256:0c9164b6f4ab0768bbcdf84683aabd680e8d75fa8347c6cecfdc5dad817ffd08"
url = "https://github.com/astral-sh/python-build-standalone/releases/download/20260807/cpython-3.12.13+20260807-aarch64-unknown-linux-musl-install_only_stripped.tar.gz"
provenance = "github-attestations"

[tools.python."platforms.linux-x64"]
checksum = "sha256:506191be3ee7bd190a8834dcdc1b3bc70aab50608deccc711935aa007239cabd"
url = "https://github.com/astral-sh/python-build-standalone/releases/download/20260807/cpython-3.12.13+20260807-x86_64-unknown-linux-gnu-install_only_stripped.tar.gz"
provenance = "github-attestations"

[tools.python."platforms.linux-x64-musl"]
checksum = "sha256:dbe1e98775846b1503e0135353bbd47c51f02b0fc3dcf822ea82386921af1fbd"
url = "https://github.com/astral-sh/python-build-standalone/releases/download/20260807/cpython-3.12.13+20260807-x86_64-unknown-linux-musl-install_only_stripped.tar.gz"
provenance = "github-attestations"

[tools.python."platforms.macos-arm64"]
checksum = "sha256:25baa97c65b3f0aa90e21131b4f9e80aef8899e8144006db8a9d2c1ab9e807e3"
url = "https://github.com/astral-sh/python-build-standalone/releases/download/20260807/cpython-3.12.13+20260807-aarch64-apple-darwin-install_only_stripped.tar.gz"
provenance = "github-attestations"

[tools.python."platforms.macos-x64"]
checksum = "sha256:127053f1736f721e391ddb46f07585d05756e15bb8d757d3bbc0519738998ba1"
url = "https://github.com/astral-sh/python-build-standalone/releases/download/20260807/cpython-3.12.13+20260807-x86_64-apple-darwin-install_only_stripped.tar.gz"
provenance = "github-attestations"

[tools.python."platforms.windows-x64"]
checksum = "sha256:18bcc65b17921806b72cdc88bcf000bf67a2c99a8fc381fe1629f2b9ba56858d"
url = "https://github.com/astral-sh/python-build-standalone/releases/download/20260807/cpython-3.12.13+20260807-x86_64-pc-windows-msvc-install_only_stripped.tar.gz"
provenance = "github-attestations"

[[tools.rumdl]]
version = "0.2.10"
backend = "aqua:rvben/rumdl"

[tools.rumdl."platforms.linux-arm64"]
checksum = "sha256:5f1cdbed5defdfece686794e403620655ebe1ab2d59bcf122b076fc45cdc243e"
url = "https://github.com/rvben/rumdl/releases/download/v0.2.10/rumdl-v0.2.10-aarch64-unknown-linux-musl.tar.gz"
url_api = "https://api.github.com/repos/rvben/rumdl/releases/assets/442047908"
provenance = "github-attestations"

[tools.rumdl."platforms.linux-arm64-musl"]
checksum = "sha256:5f1cdbed5defdfece686794e403620655ebe1ab2d59bcf122b076fc45cdc243e"
url = "https://github.com/rvben/rumdl/releases/download/v0.2.10/rumdl-v0.2.10-aarch64-unknown-linux-musl.tar.gz"
url_api = "https://api.github.com/repos/rvben/rumdl/releases/assets/442047908"
provenance = "github-attestations"

[tools.rumdl."platforms.linux-x64"]
checksum = "sha256:80cfd41671943115f2381a94c6fd822982b324f364beb8ccfc565540272272c4"
url = "https://github.com/rvben/rumdl/releases/download/v0.2.10/rumdl-v0.2.10-x86_64-unknown-linux-musl.tar.gz"
url_api = "https://api.github.com/repos/rvben/rumdl/releases/assets/442047907"
provenance = "github-attestations"

[tools.rumdl."platforms.linux-x64-musl"]
checksum = "sha256:80cfd41671943115f2381a94c6fd822982b324f364beb8ccfc565540272272c4"
url = "https://github.com/rvben/rumdl/releases/download/v0.2.10/rumdl-v0.2.10-x86_64-unknown-linux-musl.tar.gz"
url_api = "https://api.github.com/repos/rvben/rumdl/releases/assets/442047907"
provenance = "github-attestations"

[tools.rumdl."platforms.macos-arm64"]
checksum = "sha256:0a446ef96a326c30fe1f5e7a8dcd017356b65c0019d531f68d781bfe203fba62"
url = "https://github.com/rvben/rumdl/releases/download/v0.2.10/rumdl-v0.2.10-aarch64-apple-darwin.tar.gz"
url_api = "https://api.github.com/repos/rvben/rumdl/releases/assets/442047912"
provenance = "github-attestations"

[tools.rumdl."platforms.macos-x64"]
checksum = "sha256:ed2a45bed6801fef58f15de15ad07e3d7e4ae1968abe042e7d5e43f95ff30fed"
url = "https://github.com/rvben/rumdl/releases/download/v0.2.10/rumdl-v0.2.10-x86_64-apple-darwin.tar.gz"
url_api = "https://api.github.com/repos/rvben/rumdl/releases/assets/442047913"
provenance = "github-attestations"

[tools.rumdl."platforms.windows-x64"]
checksum = "sha256:309b5bb09a8b482994bf8eb4bc54a6b37f3cb8f3a9ceb74177c9b6feb45a3630"
url = "https://github.com/rvben/rumdl/releases/download/v0.2.10/rumdl-v0.2.10-x86_64-pc-windows-msvc.zip"
url_api = "https://api.github.com/repos/rvben/rumdl/releases/assets/442047917"
provenance = "github-attestations"
